// !$*UTF8*$!
{
	archiveVersion = 1;
	classes = {
	};
	objectVersion = 51;
	objects = {

/* Begin PBXBuildFile section */
		8E674ADB23B487E600C81850 /* AppDelegate.swift in Sources */ = {isa = PBXBuildFile; fileRef = 8E674ADA23B487E600C81850 /* AppDelegate.swift */; };
		8E674ADD23B487E600C81850 /* SceneDelegate.swift in Sources */ = {isa = PBXBuildFile; fileRef = 8E674ADC23B487E600C81850 /* SceneDelegate.swift */; };
		8E674ADF23B487E600C81850 /* ViewController.swift in Sources */ = {isa = PBXBuildFile; fileRef = 8E674ADE23B487E600C81850 /* ViewController.swift */; };
		8E674AE223B487E600C81850 /* Main.storyboard in Resources */ = {isa = PBXBuildFile; fileRef = 8E674AE023B487E600C81850 /* Main.storyboard */; };
		8E674AE423B487E900C81850 /* Assets.xcassets in Resources */ = {isa = PBXBuildFile; fileRef = 8E674AE323B487E900C81850 /* Assets.xcassets */; };
		8E674AE723B487E900C81850 /* LaunchScreen.storyboard in Resources */ = {isa = PBXBuildFile; fileRef = 8E674AE523B487E900C81850 /* LaunchScreen.storyboard */; };
		8E674AF223B487E900C81850 /* UIConfigItemDemoTests.swift in Sources */ = {isa = PBXBuildFile; fileRef = 8E674AF123B487E900C81850 /* UIConfigItemDemoTests.swift */; };
		8E674AFD23B487E900C81850 /* UIConfigItemDemoUITests.swift in Sources */ = {isa = PBXBuildFile; fileRef = 8E674AFC23B487E900C81850 /* UIConfigItemDemoUITests.swift */; };
		8E674B0C23B4883100C81850 /* YXUIConfigItem.swift in Sources */ = {isa = PBXBuildFile; fileRef = 8E674B0B23B4883100C81850 /* YXUIConfigItem.swift */; };
		8E674B0E23B48BF600C81850 /* YXFuncTableCell.swift in Sources */ = {isa = PBXBuildFile; fileRef = 8E674B0D23B48BF600C81850 /* YXFuncTableCell.swift */; };
		8E674B1023B4A74600C81850 /* SubVC.swift in Sources */ = {isa = PBXBuildFile; fileRef = 8E674B0F23B4A74600C81850 /* SubVC.swift */; };
		8E674B1323B4B3DB00C81850 /* BannerCell.swift in Sources */ = {isa = PBXBuildFile; fileRef = 8E674B1123B4B3DB00C81850 /* BannerCell.swift */; };
		8E674B1623B4B67500C81850 /* YXFuncCommView.swift in Sources */ = {isa = PBXBuildFile; fileRef = 8E674B1523B4B67500C81850 /* YXFuncCommView.swift */; };
		8E674B1823B4B7B300C81850 /* YXFuncCollectionCell.swift in Sources */ = {isa = PBXBuildFile; fileRef = 8E674B1723B4B7B300C81850 /* YXFuncCollectionCell.swift */; };
		8E674B1E23B4BA5D00C81850 /* BannerCell.xib in Resources */ = {isa = PBXBuildFile; fileRef = 8E674B1D23B4BA5D00C81850 /* BannerCell.xib */; };
		9CA46B08E012F26A67663425 /* Pods_UIConfigItemDemo.framework in Frameworks */ = {isa = PBXBuildFile; fileRef = 1E805CEAC862818537DF0123 /* Pods_UIConfigItemDemo.framework */; };
/* End PBXBuildFile section */

/* Begin PBXContainerItemProxy section */
		8E674AEE23B487E900C81850 /* PBXContainerItemProxy */ = {
			isa = PBXContainerItemProxy;
			containerPortal = 8E674ACF23B487E600C81850 /* Project object */;
			proxyType = 1;
			remoteGlobalIDString = 8E674AD623B487E600C81850;
			remoteInfo = UIConfigItemDemo;
		};
		8E674AF923B487E900C81850 /* PBXContainerItemProxy */ = {
			isa = PBXContainerItemProxy;
			containerPortal = 8E674ACF23B487E600C81850 /* Project object */;
			proxyType = 1;
			remoteGlobalIDString = 8E674AD623B487E600C81850;
			remoteInfo = UIConfigItemDemo;
		};
/* End PBXContainerItemProxy section */

/* Begin PBXFileReference section */
		1E805CEAC862818537DF0123 /* Pods_UIConfigItemDemo.framework */ = {isa = PBXFileReference; explicitFileType = wrapper.framework; includeInIndex = 0; path = Pods_UIConfigItemDemo.framework; sourceTree = BUILT_PRODUCTS_DIR; };
		8E674AD723B487E600C81850 /* UIConfigItemDemo.app */ = {isa = PBXFileReference; explicitFileType = wrapper.application; includeInIndex = 0; path = UIConfigItemDemo.app; sourceTree = BUILT_PRODUCTS_DIR; };
		8E674ADA23B487E600C81850 /* AppDelegate.swift */ = {isa = PBXFileReference; lastKnownFileType = sourcecode.swift; path = AppDelegate.swift; sourceTree = "<group>"; };
		8E674ADC23B487E600C81850 /* SceneDelegate.swift */ = {isa = PBXFileReference; lastKnownFileType = sourcecode.swift; path = SceneDelegate.swift; sourceTree = "<group>"; };
		8E674ADE23B487E600C81850 /* ViewController.swift */ = {isa = PBXFileReference; lastKnownFileType = sourcecode.swift; path = ViewController.swift; sourceTree = "<group>"; };
		8E674AE123B487E600C81850 /* Base */ = {isa = PBXFileReference; lastKnownFileType = file.storyboard; name = Base; path = Base.lproj/Main.storyboard; sourceTree = "<group>"; };
		8E674AE323B487E900C81850 /* Assets.xcassets */ = {isa = PBXFileReference; lastKnownFileType = folder.assetcatalog; path = Assets.xcassets; sourceTree = "<group>"; };
		8E674AE623B487E900C81850 /* Base */ = {isa = PBXFileReference; lastKnownFileType = file.storyboard; name = Base; path = Base.lproj/LaunchScreen.storyboard; sourceTree = "<group>"; };
		8E674AE823B487E900C81850 /* Info.plist */ = {isa = PBXFileReference; lastKnownFileType = text.plist.xml; path = Info.plist; sourceTree = "<group>"; };
		8E674AED23B487E900C81850 /* UIConfigItemDemoTests.xctest */ = {isa = PBXFileReference; explicitFileType = wrapper.cfbundle; includeInIndex = 0; path = UIConfigItemDemoTests.xctest; sourceTree = BUILT_PRODUCTS_DIR; };
		8E674AF123B487E900C81850 /* UIConfigItemDemoTests.swift */ = {isa = PBXFileReference; lastKnownFileType = sourcecode.swift; path = UIConfigItemDemoTests.swift; sourceTree = "<group>"; };
		8E674AF323B487E900C81850 /* Info.plist */ = {isa = PBXFileReference; lastKnownFileType = text.plist.xml; path = Info.plist; sourceTree = "<group>"; };
		8E674AF823B487E900C81850 /* UIConfigItemDemoUITests.xctest */ = {isa = PBXFileReference; explicitFileType = wrapper.cfbundle; includeInIndex = 0; path = UIConfigItemDemoUITests.xctest; sourceTree = BUILT_PRODUCTS_DIR; };
		8E674AFC23B487E900C81850 /* UIConfigItemDemoUITests.swift */ = {isa = PBXFileReference; lastKnownFileType = sourcecode.swift; path = UIConfigItemDemoUITests.swift; sourceTree = "<group>"; };
		8E674AFE23B487E900C81850 /* Info.plist */ = {isa = PBXFileReference; lastKnownFileType = text.plist.xml; path = Info.plist; sourceTree = "<group>"; };
		8E674B0B23B4883100C81850 /* YXUIConfigItem.swift */ = {isa = PBXFileReference; lastKnownFileType = sourcecode.swift; path = YXUIConfigItem.swift; sourceTree = "<group>"; };
		8E674B0D23B48BF600C81850 /* YXFuncTableCell.swift */ = {isa = PBXFileReference; lastKnownFileType = sourcecode.swift; path = YXFuncTableCell.swift; sourceTree = "<group>"; };
		8E674B0F23B4A74600C81850 /* SubVC.swift */ = {isa = PBXFileReference; lastKnownFileType = sourcecode.swift; path = SubVC.swift; sourceTree = "<group>"; };
		8E674B1123B4B3DB00C81850 /* BannerCell.swift */ = {isa = PBXFileReference; lastKnownFileType = sourcecode.swift; path = BannerCell.swift; sourceTree = "<group>"; };
		8E674B1523B4B67500C81850 /* YXFuncCommView.swift */ = {isa = PBXFileReference; lastKnownFileType = sourcecode.swift; path = YXFuncCommView.swift; sourceTree = "<group>"; };
		8E674B1723B4B7B300C81850 /* YXFuncCollectionCell.swift */ = {isa = PBXFileReference; fileEncoding = 4; lastKnownFileType = sourcecode.swift; path = YXFuncCollectionCell.swift; sourceTree = "<group>"; };
		8E674B1D23B4BA5D00C81850 /* BannerCell.xib */ = {isa = PBXFileReference; fileEncoding = 4; lastKnownFileType = file.xib; path = BannerCell.xib; sourceTree = "<group>"; };
		E18B686C91098C3B41F0BE1F /* Pods-UIConfigItemDemo.release.xcconfig */ = {isa = PBXFileReference; includeInIndex = 1; lastKnownFileType = text.xcconfig; name = "Pods-UIConfigItemDemo.release.xcconfig"; path = "Target Support Files/Pods-UIConfigItemDemo/Pods-UIConfigItemDemo.release.xcconfig"; sourceTree = "<group>"; };
		EC33B60108AFA421F69A1F4F /* Pods-UIConfigItemDemo.debug.xcconfig */ = {isa = PBXFileReference; includeInIndex = 1; lastKnownFileType = text.xcconfig; name = "Pods-UIConfigItemDemo.debug.xcconfig"; path = "Target Support Files/Pods-UIConfigItemDemo/Pods-UIConfigItemDemo.debug.xcconfig"; sourceTree = "<group>"; };
/* End PBXFileReference section */

/* Begin PBXFrameworksBuildPhase section */
		8E674AD423B487E600C81850 /* Frameworks */ = {
			isa = PBXFrameworksBuildPhase;
			buildActionMask = 2147483647;
			files = (
				9CA46B08E012F26A67663425 /* Pods_UIConfigItemDemo.framework in Frameworks */,
			);
			runOnlyForDeploymentPostprocessing = 0;
		};
		8E674AEA23B487E900C81850 /* Frameworks */ = {
			isa = PBXFrameworksBuildPhase;
			buildActionMask = 2147483647;
			files = (
			);
			runOnlyForDeploymentPostprocessing = 0;
		};
		8E674AF523B487E900C81850 /* Frameworks */ = {
			isa = PBXFrameworksBuildPhase;
			buildActionMask = 2147483647;
			files = (
			);
			runOnlyForDeploymentPostprocessing = 0;
		};
/* End PBXFrameworksBuildPhase section */

/* Begin PBXGroup section */
		7FCF8BDBA3AE18375A252D33 /* Frameworks */ = {
			isa = PBXGroup;
			children = (
				1E805CEAC862818537DF0123 /* Pods_UIConfigItemDemo.framework */,
			);
			name = Frameworks;
			sourceTree = "<group>";
		};
		8E2BDA364BB09A676A714AAA /* Pods */ = {
			isa = PBXGroup;
			children = (
				EC33B60108AFA421F69A1F4F /* Pods-UIConfigItemDemo.debug.xcconfig */,
				E18B686C91098C3B41F0BE1F /* Pods-UIConfigItemDemo.release.xcconfig */,
			);
			path = Pods;
			sourceTree = "<group>";
		};
		8E674ACE23B487E600C81850 = {
			isa = PBXGroup;
			children = (
				8E674B0A23B487FB00C81850 /* UIConfigs */,
				8E674AD923B487E600C81850 /* UIConfigItemDemo */,
				8E674AF023B487E900C81850 /* UIConfigItemDemoTests */,
				8E674AFB23B487E900C81850 /* UIConfigItemDemoUITests */,
				8E674AD823B487E600C81850 /* Products */,
				8E2BDA364BB09A676A714AAA /* Pods */,
				7FCF8BDBA3AE18375A252D33 /* Frameworks */,
			);
			sourceTree = "<group>";
		};
		8E674AD823B487E600C81850 /* Products */ = {
			isa = PBXGroup;
			children = (
				8E674AD723B487E600C81850 /* UIConfigItemDemo.app */,
				8E674AED23B487E900C81850 /* UIConfigItemDemoTests.xctest */,
				8E674AF823B487E900C81850 /* UIConfigItemDemoUITests.xctest */,
			);
			name = Products;
			sourceTree = "<group>";
		};
		8E674AD923B487E600C81850 /* UIConfigItemDemo */ = {
			isa = PBXGroup;
			children = (
				8E674ADA23B487E600C81850 /* AppDelegate.swift */,
				8E674ADC23B487E600C81850 /* SceneDelegate.swift */,
				8E674ADE23B487E600C81850 /* ViewController.swift */,
				8E674B0F23B4A74600C81850 /* SubVC.swift */,
				8E674B1123B4B3DB00C81850 /* BannerCell.swift */,
				8E674B1D23B4BA5D00C81850 /* BannerCell.xib */,
				8E674AE023B487E600C81850 /* Main.storyboard */,
				8E674AE323B487E900C81850 /* Assets.xcassets */,
				8E674AE523B487E900C81850 /* LaunchScreen.storyboard */,
				8E674AE823B487E900C81850 /* Info.plist */,
			);
			path = UIConfigItemDemo;
			sourceTree = "<group>";
		};
		8E674AF023B487E900C81850 /* UIConfigItemDemoTests */ = {
			isa = PBXGroup;
			children = (
				8E674AF123B487E900C81850 /* UIConfigItemDemoTests.swift */,
				8E674AF323B487E900C81850 /* Info.plist */,
			);
			path = UIConfigItemDemoTests;
			sourceTree = "<group>";
		};
		8E674AFB23B487E900C81850 /* UIConfigItemDemoUITests */ = {
			isa = PBXGroup;
			children = (
				8E674AFC23B487E900C81850 /* UIConfigItemDemoUITests.swift */,
				8E674AFE23B487E900C81850 /* Info.plist */,
			);
			path = UIConfigItemDemoUITests;
			sourceTree = "<group>";
		};
		8E674B0A23B487FB00C81850 /* UIConfigs */ = {
			isa = PBXGroup;
			children = (
				8E674B0B23B4883100C81850 /* YXUIConfigItem.swift */,
				8E674B0D23B48BF600C81850 /* YXFuncTableCell.swift */,
				8E674B1723B4B7B300C81850 /* YXFuncCollectionCell.swift */,
				8E674B1523B4B67500C81850 /* YXFuncCommView.swift */,
			);
			path = UIConfigs;
			sourceTree = "<group>";
		};
/* End PBXGroup section */

/* Begin PBXNativeTarget section */
		8E674AD623B487E600C81850 /* UIConfigItemDemo */ = {
			isa = PBXNativeTarget;
			buildConfigurationList = 8E674B0123B487E900C81850 /* Build configuration list for PBXNativeTarget "UIConfigItemDemo" */;
			buildPhases = (
				0C3A163320D2368F504E2680 /* [CP] Check Pods Manifest.lock */,
				8E674AD323B487E600C81850 /* Sources */,
				8E674AD423B487E600C81850 /* Frameworks */,
				8E674AD523B487E600C81850 /* Resources */,
				29DECFBA315C1EFBD4489294 /* [CP] Embed Pods Frameworks */,
			);
			buildRules = (
			);
			dependencies = (
			);
			name = UIConfigItemDemo;
			productName = UIConfigItemDemo;
			productReference = 8E674AD723B487E600C81850 /* UIConfigItemDemo.app */;
			productType = "com.apple.product-type.application";
		};
		8E674AEC23B487E900C81850 /* UIConfigItemDemoTests */ = {
			isa = PBXNativeTarget;
			buildConfigurationList = 8E674B0423B487E900C81850 /* Build configuration list for PBXNativeTarget "UIConfigItemDemoTests" */;
			buildPhases = (
				8E674AE923B487E900C81850 /* Sources */,
				8E674AEA23B487E900C81850 /* Frameworks */,
				8E674AEB23B487E900C81850 /* Resources */,
			);
			buildRules = (
			);
			dependencies = (
				8E674AEF23B487E900C81850 /* PBXTargetDependency */,
			);
			name = UIConfigItemDemoTests;
			productName = UIConfigItemDemoTests;
			productReference = 8E674AED23B487E900C81850 /* UIConfigItemDemoTests.xctest */;
			productType = "com.apple.product-type.bundle.unit-test";
		};
		8E674AF723B487E900C81850 /* UIConfigItemDemoUITests */ = {
			isa = PBXNativeTarget;
			buildConfigurationList = 8E674B0723B487E900C81850 /* Build configuration list for PBXNativeTarget "UIConfigItemDemoUITests" */;
			buildPhases = (
				8E674AF423B487E900C81850 /* Sources */,
				8E674AF523B487E900C81850 /* Frameworks */,
				8E674AF623B487E900C81850 /* Resources */,
			);
			buildRules = (
			);
			dependencies = (
				8E674AFA23B487E900C81850 /* PBXTargetDependency */,
			);
			name = UIConfigItemDemoUITests;
			productName = UIConfigItemDemoUITests;
			productReference = 8E674AF823B487E900C81850 /* UIConfigItemDemoUITests.xctest */;
			productType = "com.apple.product-type.bundle.ui-testing";
		};
/* End PBXNativeTarget section */

/* Begin PBXProject section */
		8E674ACF23B487E600C81850 /* Project object */ = {
			isa = PBXProject;
			attributes = {
				LastSwiftUpdateCheck = 1100;
				LastUpgradeCheck = 1100;
				ORGANIZATIONNAME = tezwez;
				TargetAttributes = {
					8E674AD623B487E600C81850 = {
						CreatedOnToolsVersion = 11.0;
					};
					8E674AEC23B487E900C81850 = {
						CreatedOnToolsVersion = 11.0;
						TestTargetID = 8E674AD623B487E600C81850;
					};
					8E674AF723B487E900C81850 = {
						CreatedOnToolsVersion = 11.0;
						TestTargetID = 8E674AD623B487E600C81850;
					};
				};
			};
			buildConfigurationList = 8E674AD223B487E600C81850 /* Build configuration list for PBXProject "UIConfigItemDemo" */;
			compatibilityVersion = "Xcode 9.3";
			developmentRegion = en;
			hasScannedForEncodings = 0;
			knownRegions = (
				en,
				Base,
			);
			mainGroup = 8E674ACE23B487E600C81850;
			productRefGroup = 8E674AD823B487E600C81850 /* Products */;
			projectDirPath = "";
			projectRoot = "";
			targets = (
				8E674AD623B487E600C81850 /* UIConfigItemDemo */,
				8E674AEC23B487E900C81850 /* UIConfigItemDemoTests */,
				8E674AF723B487E900C81850 /* UIConfigItemDemoUITests */,
			);
		};
/* End PBXProject section */

/* Begin PBXResourcesBuildPhase section */
		8E674AD523B487E600C81850 /* Resources */ = {
			isa = PBXResourcesBuildPhase;
			buildActionMask = 2147483647;
			files = (
				8E674AE723B487E900C81850 /* LaunchScreen.storyboard in Resources */,
				8E674B1E23B4BA5D00C81850 /* BannerCell.xib in Resources */,
				8E674AE423B487E900C81850 /* Assets.xcassets in Resources */,
				8E674AE223B487E600C81850 /* Main.storyboard in Resources */,
			);
			runOnlyForDeploymentPostprocessing = 0;
		};
		8E674AEB23B487E900C81850 /* Resources */ = {
			isa = PBXResourcesBuildPhase;
			buildActionMask = 2147483647;
			files = (
			);
			runOnlyForDeploymentPostprocessing = 0;
		};
		8E674AF623B487E900C81850 /* Resources */ = {
			isa = PBXResourcesBuildPhase;
			buildActionMask = 2147483647;
			files = (
			);
			runOnlyForDeploymentPostprocessing = 0;
		};
/* End PBXResourcesBuildPhase section */

/* Begin PBXShellScriptBuildPhase section */
		0C3A163320D2368F504E2680 /* [CP] Check Pods Manifest.lock */ = {
			isa = PBXShellScriptBuildPhase;
			buildActionMask = 2147483647;
			files = (
			);
			inputFileListPaths = (
			);
			inputPaths = (
				"${PODS_PODFILE_DIR_PATH}/Podfile.lock",
				"${PODS_ROOT}/Manifest.lock",
			);
			name = "[CP] Check Pods Manifest.lock";
			outputFileListPaths = (
			);
			outputPaths = (
				"$(DERIVED_FILE_DIR)/Pods-UIConfigItemDemo-checkManifestLockResult.txt",
			);
			runOnlyForDeploymentPostprocessing = 0;
			shellPath = /bin/sh;
			shellScript = "diff \"${PODS_PODFILE_DIR_PATH}/Podfile.lock\" \"${PODS_ROOT}/Manifest.lock\" > /dev/null\nif [ $? != 0 ] ; then\n    # print error to STDERR\n    echo \"error: The sandbox is not in sync with the Podfile.lock. Run 'pod install' or update your CocoaPods installation.\" >&2\n    exit 1\nfi\n# This output is used by Xcode 'outputs' to avoid re-running this script phase.\necho \"SUCCESS\" > \"${SCRIPT_OUTPUT_FILE_0}\"\n";
			showEnvVarsInLog = 0;
		};
		29DECFBA315C1EFBD4489294 /* [CP] Embed Pods Frameworks */ = {
			isa = PBXShellScriptBuildPhase;
			buildActionMask = 2147483647;
			files = (
			);
			inputFileListPaths = (
				"${PODS_ROOT}/Target Support Files/Pods-UIConfigItemDemo/Pods-UIConfigItemDemo-frameworks-${CONFIGURATION}-input-files.xcfilelist",
			);
			name = "[CP] Embed Pods Frameworks";
			outputFileListPaths = (
				"${PODS_ROOT}/Target Support Files/Pods-UIConfigItemDemo/Pods-UIConfigItemDemo-frameworks-${CONFIGURATION}-output-files.xcfilelist",
			);
			runOnlyForDeploymentPostprocessing = 0;
			shellPath = /bin/sh;
			shellScript = "\"${PODS_ROOT}/Target Support Files/Pods-UIConfigItemDemo/Pods-UIConfigItemDemo-frameworks.sh\"\n";
			showEnvVarsInLog = 0;
		};
/* End PBXShellScriptBuildPhase section */

/* Begin PBXSourcesBuildPhase section */
		8E674AD323B487E600C81850 /* Sources */ = {
			isa = PBXSourcesBuildPhase;
			buildActionMask = 2147483647;
			files = (
				8E674B1323B4B3DB00C81850 /* BannerCell.swift in Sources */,
				8E674ADF23B487E600C81850 /* ViewController.swift in Sources */,
				8E674B1823B4B7B300C81850 /* YXFuncCollectionCell.swift in Sources */,
				8E674ADB23B487E600C81850 /* AppDelegate.swift in Sources */,
				8E674B1623B4B67500C81850 /* YXFuncCommView.swift in Sources */,
				8E674ADD23B487E600C81850 /* SceneDelegate.swift in Sources */,
				8E674B1023B4A74600C81850 /* SubVC.swift in Sources */,
				8E674B0E23B48BF600C81850 /* YXFuncTableCell.swift in Sources */,
				8E674B0C23B4883100C81850 /* YXUIConfigItem.swift in Sources */,
			);
			runOnlyForDeploymentPostprocessing = 0;
		};
		8E674AE923B487E900C81850 /* Sources */ = {
			isa = PBXSourcesBuildPhase;
			buildActionMask = 2147483647;
			files = (
				8E674AF223B487E900C81850 /* UIConfigItemDemoTests.swift in Sources */,
			);
			runOnlyForDeploymentPostprocessing = 0;
		};
		8E674AF423B487E900C81850 /* Sources */ = {
			isa = PBXSourcesBuildPhase;
			buildActionMask = 2147483647;
			files = (
				8E674AFD23B487E900C81850 /* UIConfigItemDemoUITests.swift in Sources */,
			);
			runOnlyForDeploymentPostprocessing = 0;
		};
/* End PBXSourcesBuildPhase section */

/* Begin PBXTargetDependency section */
		8E674AEF23B487E900C81850 /* PBXTargetDependency */ = {
			isa = PBXTargetDependency;
			target = 8E674AD623B487E600C81850 /* UIConfigItemDemo */;
			targetProxy = 8E674AEE23B487E900C81850 /* PBXContainerItemProxy */;
		};
		8E674AFA23B487E900C81850 /* PBXTargetDependency */ = {
			isa = PBXTargetDependency;
			target = 8E674AD623B487E600C81850 /* UIConfigItemDemo */;
			targetProxy = 8E674AF923B487E900C81850 /* PBXContainerItemProxy */;
		};
/* End PBXTargetDependency section */

/* Begin PBXVariantGroup section */
		8E674AE023B487E600C81850 /* Main.storyboard */ = {
			isa = PBXVariantGroup;
			children = (
				8E674AE123B487E600C81850 /* Base */,
			);
			name = Main.storyboard;
			sourceTree = "<group>";
		};
		8E674AE523B487E900C81850 /* LaunchScreen.storyboard */ = {
			isa = PBXVariantGroup;
			children = (
				8E674AE623B487E900C81850 /* Base */,
			);
			name = LaunchScreen.storyboard;
			sourceTree = "<group>";
		};
/* End PBXVariantGroup section */

/* Begin XCBuildConfiguration section */
		8E674AFF23B487E900C81850 /* Debug */ = {
			isa = XCBuildConfiguration;
			buildSettings = {
				ALWAYS_SEARCH_USER_PATHS = NO;
				CLANG_ANALYZER_NONNULL = YES;
				CLANG_ANALYZER_NUMBER_OBJECT_CONVERSION = YES_AGGRESSIVE;
				CLANG_CXX_LANGUAGE_STANDARD = "gnu++14";
				CLANG_CXX_LIBRARY = "libc++";
				CLANG_ENABLE_MODULES = YES;
				CLANG_ENABLE_OBJC_ARC = YES;
				CLANG_ENABLE_OBJC_WEAK = YES;
				CLANG_WARN_BLOCK_CAPTURE_AUTORELEASING = YES;
				CLANG_WARN_BOOL_CONVERSION = YES;
				CLANG_WARN_COMMA = YES;
				CLANG_WARN_CONSTANT_CONVERSION = YES;
				CLANG_WARN_DEPRECATED_OBJC_IMPLEMENTATIONS = YES;
				CLANG_WARN_DIRECT_OBJC_ISA_USAGE = YES_ERROR;
				CLANG_WARN_DOCUMENTATION_COMMENTS = YES;
				CLANG_WARN_EMPTY_BODY = YES;
				CLANG_WARN_ENUM_CONVERSION = YES;
				CLANG_WARN_INFINITE_RECURSION = YES;
				CLANG_WARN_INT_CONVERSION = YES;
				CLANG_WARN_NON_LITERAL_NULL_CONVERSION = YES;
				CLANG_WARN_OBJC_IMPLICIT_RETAIN_SELF = YES;
				CLANG_WARN_OBJC_LITERAL_CONVERSION = YES;
				CLANG_WARN_OBJC_ROOT_CLASS = YES_ERROR;
				CLANG_WARN_RANGE_LOOP_ANALYSIS = YES;
				CLANG_WARN_STRICT_PROTOTYPES = YES;
				CLANG_WARN_SUSPICIOUS_MOVE = YES;
				CLANG_WARN_UNGUARDED_AVAILABILITY = YES_AGGRESSIVE;
				CLANG_WARN_UNREACHABLE_CODE = YES;
				CLANG_WARN__DUPLICATE_METHOD_MATCH = YES;
				COPY_PHASE_STRIP = NO;
				DEBUG_INFORMATION_FORMAT = dwarf;
				ENABLE_STRICT_OBJC_MSGSEND = YES;
				ENABLE_TESTABILITY = YES;
				GCC_C_LANGUAGE_STANDARD = gnu11;
				GCC_DYNAMIC_NO_PIC = NO;
				GCC_NO_COMMON_BLOCKS = YES;
				GCC_OPTIMIZATION_LEVEL = 0;
				GCC_PREPROCESSOR_DEFINITIONS = (
					"DEBUG=1",
					"$(inherited)",
				);
				GCC_WARN_64_TO_32_BIT_CONVERSION = YES;
				GCC_WARN_ABOUT_RETURN_TYPE = YES_ERROR;
				GCC_WARN_UNDECLARED_SELECTOR = YES;
				GCC_WARN_UNINITIALIZED_AUTOS = YES_AGGRESSIVE;
				GCC_WARN_UNUSED_FUNCTION = YES;
				GCC_WARN_UNUSED_VARIABLE = YES;
				IPHONEOS_DEPLOYMENT_TARGET = 13.0;
				MTL_ENABLE_DEBUG_INFO = INCLUDE_SOURCE;
				MTL_FAST_MATH = YES;
				ONLY_ACTIVE_ARCH = YES;
				SDKROOT = iphoneos;
				SWIFT_ACTIVE_COMPILATION_CONDITIONS = DEBUG;
				SWIFT_OPTIMIZATION_LEVEL = "-Onone";
			};
			name = Debug;
		};
		8E674B0023B487E900C81850 /* Release */ = {
			isa = XCBuildConfiguration;
			buildSettings = {
				ALWAYS_SEARCH_USER_PATHS = NO;
				CLANG_ANALYZER_NONNULL = YES;
				CLANG_ANALYZER_NUMBER_OBJECT_CONVERSION = YES_AGGRESSIVE;
				CLANG_CXX_LANGUAGE_STANDARD = "gnu++14";
				CLANG_CXX_LIBRARY = "libc++";
				CLANG_ENABLE_MODULES = YES;
				CLANG_ENABLE_OBJC_ARC = YES;
				CLANG_ENABLE_OBJC_WEAK = YES;
				CLANG_WARN_BLOCK_CAPTURE_AUTORELEASING = YES;
				CLANG_WARN_BOOL_CONVERSION = YES;
				CLANG_WARN_COMMA = YES;
				CLANG_WARN_CONSTANT_CONVERSION = YES;
				CLANG_WARN_DEPRECATED_OBJC_IMPLEMENTATIONS = YES;
				CLANG_WARN_DIRECT_OBJC_ISA_USAGE = YES_ERROR;
				CLANG_WARN_DOCUMENTATION_COMMENTS = YES;
				CLANG_WARN_EMPTY_BODY = YES;
				CLANG_WARN_ENUM_CONVERSION = YES;
				CLANG_WARN_INFINITE_RECURSION = YES;
				CLANG_WARN_INT_CONVERSION = YES;
				CLANG_WARN_NON_LITERAL_NULL_CONVERSION = YES;
				CLANG_WARN_OBJC_IMPLICIT_RETAIN_SELF = YES;
				CLANG_WARN_OBJC_LITERAL_CONVERSION = YES;
				CLANG_WARN_OBJC_ROOT_CLASS = YES_ERROR;
				CLANG_WARN_RANGE_LOOP_ANALYSIS = YES;
				CLANG_WARN_STRICT_PROTOTYPES = YES;
				CLANG_WARN_SUSPICIOUS_MOVE = YES;
				CLANG_WARN_UNGUARDED_AVAILABILITY = YES_AGGRESSIVE;
				CLANG_WARN_UNREACHABLE_CODE = YES;
				CLANG_WARN__DUPLICATE_METHOD_MATCH = YES;
				COPY_PHASE_STRIP = NO;
				DEBUG_INFORMATION_FORMAT = "dwarf-with-dsym";
				ENABLE_NS_ASSERTIONS = NO;
				ENABLE_STRICT_OBJC_MSGSEND = YES;
				GCC_C_LANGUAGE_STANDARD = gnu11;
				GCC_NO_COMMON_BLOCKS = YES;
				GCC_WARN_64_TO_32_BIT_CONVERSION = YES;
				GCC_WARN_ABOUT_RETURN_TYPE = YES_ERROR;
				GCC_WARN_UNDECLARED_SELECTOR = YES;
				GCC_WARN_UNINITIALIZED_AUTOS = YES_AGGRESSIVE;
				GCC_WARN_UNUSED_FUNCTION = YES;
				GCC_WARN_UNUSED_VARIABLE = YES;
				IPHONEOS_DEPLOYMENT_TARGET = 13.0;
				MTL_ENABLE_DEBUG_INFO = NO;
				MTL_FAST_MATH = YES;
				SDKROOT = iphoneos;
				SWIFT_COMPILATION_MODE = wholemodule;
				SWIFT_OPTIMIZATION_LEVEL = "-O";
				VALIDATE_PRODUCT = YES;
			};
			name = Release;
		};
		8E674B0223B487E900C81850 /* Debug */ = {
			isa = XCBuildConfiguration;
			baseConfigurationReference = EC33B60108AFA421F69A1F4F /* Pods-UIConfigItemDemo.debug.xcconfig */;
			buildSettings = {
				ASSETCATALOG_COMPILER_APPICON_NAME = AppIcon;
				CODE_SIGN_STYLE = Automatic;
				INFOPLIST_FILE = UIConfigItemDemo/Info.plist;
				LD_RUNPATH_SEARCH_PATHS = (
					"$(inherited)",
					"@executable_path/Frameworks",
				);
				PRODUCT_BUNDLE_IDENTIFIER = "-11111.UIConfigItemDemo";
				PRODUCT_NAME = "$(TARGET_NAME)";
				SWIFT_VERSION = 5.0;
				TARGETED_DEVICE_FAMILY = "1,2";
			};
			name = Debug;
		};
		8E674B0323B487E900C81850 /* Release */ = {
			isa = XCBuildConfiguration;
			baseConfigurationReference = E18B686C91098C3B41F0BE1F /* Pods-UIConfigItemDemo.release.xcconfig */;
			buildSettings = {
				ASSETCATALOG_COMPILER_APPICON_NAME = AppIcon;
				CODE_SIGN_STYLE = Automatic;
				INFOPLIST_FILE = UIConfigItemDemo/Info.plist;
				LD_RUNPATH_SEARCH_PATHS = (
					"$(inherited)",
					"@executable_path/Frameworks",
				);
				PRODUCT_BUNDLE_IDENTIFIER = "-11111.UIConfigItemDemo";
				PRODUCT_NAME = "$(TARGET_NAME)";
				SWIFT_VERSION = 5.0;
				TARGETED_DEVICE_FAMILY = "1,2";
			};
			name = Release;
		};
		8E674B0523B487E900C81850 /* Debug */ = {
			isa = XCBuildConfiguration;
			buildSettings = {
				ALWAYS_EMBED_SWIFT_STANDARD_LIBRARIES = YES;
				BUNDLE_LOADER = "$(TEST_HOST)";
				CODE_SIGN_STYLE = Automatic;
				INFOPLIST_FILE = UIConfigItemDemoTests/Info.plist;
				IPHONEOS_DEPLOYMENT_TARGET = 13.0;
				LD_RUNPATH_SEARCH_PATHS = (
					"$(inherited)",
					"@executable_path/Frameworks",
					"@loader_path/Frameworks",
				);
				PRODUCT_BUNDLE_IDENTIFIER = "-11111.UIConfigItemDemoTests";
				PRODUCT_NAME = "$(TARGET_NAME)";
				SWIFT_VERSION = 5.0;
				TARGETED_DEVICE_FAMILY = "1,2";
				TEST_HOST = "$(BUILT_PRODUCTS_DIR)/UIConfigItemDemo.app/UIConfigItemDemo";
			};
			name = Debug;
		};
		8E674B0623B487E900C81850 /* Release */ = {
			isa = XCBuildConfiguration;
			buildSettings = {
				ALWAYS_EMBED_SWIFT_STANDARD_LIBRARIES = YES;
				BUNDLE_LOADER = "$(TEST_HOST)";
				CODE_SIGN_STYLE = Automatic;
				INFOPLIST_FILE = UIConfigItemDemoTests/Info.plist;
				IPHONEOS_DEPLOYMENT_TARGET = 13.0;
				LD_RUNPATH_SEARCH_PATHS = (
					"$(inherited)",
					"@executable_path/Frameworks",
					"@loader_path/Frameworks",
				);
				PRODUCT_BUNDLE_IDENTIFIER = "-11111.UIConfigItemDemoTests";
				PRODUCT_NAME = "$(TARGET_NAME)";
				SWIFT_VERSION = 5.0;
				TARGETED_DEVICE_FAMILY = "1,2";
				TEST_HOST = "$(BUILT_PRODUCTS_DIR)/UIConfigItemDemo.app/UIConfigItemDemo";
			};
			name = Release;
		};
		8E674B0823B487E900C81850 /* Debug */ = {
			isa = XCBuildConfiguration;
			buildSettings = {
				ALWAYS_EMBED_SWIFT_STANDARD_LIBRARIES = YES;
				CODE_SIGN_STYLE = Automatic;
				INFOPLIST_FILE = UIConfigItemDemoUITests/Info.plist;
				LD_RUNPATH_SEARCH_PATHS = (
					"$(inherited)",
					"@executable_path/Frameworks",
					"@loader_path/Frameworks",
				);
				PRODUCT_BUNDLE_IDENTIFIER = "-11111.UIConfigItemDemoUITests";
				PRODUCT_NAME = "$(TARGET_NAME)";
				SWIFT_VERSION = 5.0;
				TARGETED_DEVICE_FAMILY = "1,2";
				TEST_TARGET_NAME = UIConfigItemDemo;
			};
			name = Debug;
		};
		8E674B0923B487E900C81850 /* Release */ = {
			isa = XCBuildConfiguration;
			buildSettings = {
				ALWAYS_EMBED_SWIFT_STANDARD_LIBRARIES = YES;
				CODE_SIGN_STYLE = Automatic;
				INFOPLIST_FILE = UIConfigItemDemoUITests/Info.plist;
				LD_RUNPATH_SEARCH_PATHS = (
					"$(inherited)",
					"@executable_path/Frameworks",
					"@loader_path/Frameworks",
				);
				PRODUCT_BUNDLE_IDENTIFIER = "-11111.UIConfigItemDemoUITests";
				PRODUCT_NAME = "$(TARGET_NAME)";
				SWIFT_VERSION = 5.0;
				TARGETED_DEVICE_FAMILY = "1,2";
				TEST_TARGET_NAME = UIConfigItemDemo;
			};
			name = Release;
		};
/* End XCBuildConfiguration section */

/* Begin XCConfigurationList section */
		8E674AD223B487E600C81850 /* Build configuration list for PBXProject "UIConfigItemDemo" */ = {
			isa = XCConfigurationList;
			buildConfigurations = (
				8E674AFF23B487E900C81850 /* Debug */,
				8E674B0023B487E900C81850 /* Release */,
			);
			defaultConfigurationIsVisible = 0;
			defaultConfigurationName = Release;
		};
		8E674B0123B487E900C81850 /* Build configuration list for PBXNativeTarget "UIConfigItemDemo" */ = {
			isa = XCConfigurationList;
			buildConfigurations = (
				8E674B0223B487E900C81850 /* Debug */,
				8E674B0323B487E900C81850 /* Release */,
			);
			defaultConfigurationIsVisible = 0;
			defaultConfigurationName = Release;
		};
		8E674B0423B487E900C81850 /* Build configuration list for PBXNativeTarget "UIConfigItemDemoTests" */ = {
			isa = XCConfigurationList;
			buildConfigurations = (
				8E674B0523B487E900C81850 /* Debug */,
				8E674B0623B487E900C81850 /* Release */,
			);
			defaultConfigurationIsVisible = 0;
			defaultConfigurationName = Release;
		};
		8E674B0723B487E900C81850 /* Build configuration list for PBXNativeTarget "UIConfigItemDemoUITests" */ = {
			isa = XCConfigurationList;
			buildConfigurations = (
				8E674B0823B487E900C81850 /* Debug */,
				8E674B0923B487E900C81850 /* Release */,
			);
			defaultConfigurationIsVisible = 0;
			defaultConfigurationName = Release;
		};
/* End XCConfigurationList section */
	};
	rootObject = 8E674ACF23B487E600C81850 /* Project object */;
}
